
Microsoft Visual Studio Solution File, Format Version 12.00
# Visual Studio Version 17
VisualStudioVersion = 17.4.33213.308
MinimumVisualStudioVersion = 10.0.40219.1
Project("{FAE04EC0-301F-11D3-BF4B-00C04F79EFBC}") = "Week6Project3", "Week6Project3.csproj", "{C9BF5724-97DD-4A39-9078-7C3094557E63}"
EndProject
Global
	GlobalSection(SolutionConfigurationPlatforms) = preSolution
		Debug|Any CPU = Debug|Any CPU
		Release|Any CPU = Release|Any CPU
	EndGlobalSection
	GlobalSection(ProjectConfigurationPlatforms) = postSolution
		{C9BF5724-97DD-4A39-9078-7C3094557E63}.Debug|Any CPU.ActiveCfg = Debug|Any CPU
		{C9BF5724-97DD-4A39-9078-7C3094557E63}.Debug|Any CPU.Build.0 = Debug|Any CPU
		{C9BF5724-97DD-4A39-9078-7C3094557E63}.Release|Any CPU.ActiveCfg = Release|Any CPU
		{C9BF5724-97DD-4A39-9078-7C3094557E63}.Release|Any CPU.Build.0 = Release|Any CPU
	EndGlobalSection
	GlobalSection(SolutionProperties) = preSolution
		HideSolutionNode = FALSE
	EndGlobalSection
	GlobalSection(ExtensibilityGlobals) = postSolution
		SolutionGuid = {613F1470-35AA-441F-B488-85F22035A8B8}
	EndGlobalSection
EndGlobal
